
Microsoft Visual Studio Solution File, Format Version 11.00
# Visual Studio 2010
Project("{FAE04EC0-301F-11D3-BF4B-00C04F79EFBC}") = "Assembly-CSharp", "Assembly-CSharp.csproj", "{1702625d-05b4-111b-9e1f-bab9ac0b6b43}"
EndProject
Project("{FAE04EC0-301F-11D3-BF4B-00C04F79EFBC}") = "Assembly-CSharp-Editor", "Assembly-CSharp-Editor.csproj", "{c5279396-1246-59fd-1d26-5f9c332375c1}"
EndProject
Global
	GlobalSection(SolutionConfigurationPlatforms) = preSolution
		Debug|Any CPU = Debug|Any CPU
	EndGlobalSection
	GlobalSection(ProjectConfigurationPlatforms) = postSolution
		{1702625d-05b4-111b-9e1f-bab9ac0b6b43}.Debug|Any CPU.ActiveCfg = Debug|Any CPU
		{1702625d-05b4-111b-9e1f-bab9ac0b6b43}.Debug|Any CPU.Build.0 = Debug|Any CPU
		{c5279396-1246-59fd-1d26-5f9c332375c1}.Debug|Any CPU.ActiveCfg = Debug|Any CPU
		{c5279396-1246-59fd-1d26-5f9c332375c1}.Debug|Any CPU.Build.0 = Debug|Any CPU
	EndGlobalSection
	GlobalSection(SolutionProperties) = preSolution
		HideSolutionNode = FALSE
	EndGlobalSection
EndGlobal
